// !$*UTF8*$!
{
	archiveVersion = 1;
	classes = {
	};
	objectVersion = 55;
	objects = {

/* Begin PBXBuildFile section */
		F06EF2852773A424000F7894 /* AppDelegate.swift in Sources */ = {isa = PBXBuildFile; fileRef = F06EF2842773A424000F7894 /* AppDelegate.swift */; };
		F06EF2872773A424000F7894 /* SceneDelegate.swift in Sources */ = {isa = PBXBuildFile; fileRef = F06EF2862773A424000F7894 /* SceneDelegate.swift */; };
		F06EF2892773A424000F7894 /* ViewController.swift in Sources */ = {isa = PBXBuildFile; fileRef = F06EF2882773A424000F7894 /* ViewController.swift */; };
		F06EF28C2773A424000F7894 /* Main.storyboard in Resources */ = {isa = PBXBuildFile; fileRef = F06EF28A2773A424000F7894 /* Main.storyboard */; };
		F06EF28E2773A426000F7894 /* Assets.xcassets in Resources */ = {isa = PBXBuildFile; fileRef = F06EF28D2773A426000F7894 /* Assets.xcassets */; };
		F06EF2912773A426000F7894 /* LaunchScreen.storyboard in Resources */ = {isa = PBXBuildFile; fileRef = F06EF28F2773A426000F7894 /* LaunchScreen.storyboard */; };
		F06EF29C2773A426000F7894 /* ObjectDetectionYOLOTests.swift in Sources */ = {isa = PBXBuildFile; fileRef = F06EF29B2773A426000F7894 /* ObjectDetectionYOLOTests.swift */; };
		F06EF2A62773A426000F7894 /* ObjectDetectionYOLOUITests.swift in Sources */ = {isa = PBXBuildFile; fileRef = F06EF2A52773A426000F7894 /* ObjectDetectionYOLOUITests.swift */; };
		F06EF2A82773A426000F7894 /* ObjectDetectionYOLOUITestsLaunchTests.swift in Sources */ = {isa = PBXBuildFile; fileRef = F06EF2A72773A426000F7894 /* ObjectDetectionYOLOUITestsLaunchTests.swift */; };
		F06EF2B52773A459000F7894 /* YOLOv3.mlmodel in Sources */ = {isa = PBXBuildFile; fileRef = F06EF2B42773A459000F7894 /* YOLOv3.mlmodel */; };
		F06EF2B92773A760000F7894 /* DrawingBoundingBoxView.swift in Sources */ = {isa = PBXBuildFile; fileRef = F06EF2B82773A760000F7894 /* DrawingBoundingBoxView.swift */; };
		F06EF2BB2773AB68000F7894 /* VideoCapture.swift in Sources */ = {isa = PBXBuildFile; fileRef = F06EF2BA2773AB68000F7894 /* VideoCapture.swift */; };
		F06EF2C12774F60F000F7894 /* SelectTableView.swift in Sources */ = {isa = PBXBuildFile; fileRef = F06EF2C02774F60F000F7894 /* SelectTableView.swift */; };
		F07FAEDC286602060079D0D1 /* StringUtils.swift in Sources */ = {isa = PBXBuildFile; fileRef = F07FAEDB286602060079D0D1 /* StringUtils.swift */; };
/* End PBXBuildFile section */

/* Begin PBXContainerItemProxy section */
		F06EF2982773A426000F7894 /* PBXContainerItemProxy */ = {
			isa = PBXContainerItemProxy;
			containerPortal = F06EF2792773A424000F7894 /* Project object */;
			proxyType = 1;
			remoteGlobalIDString = F06EF2802773A424000F7894;
			remoteInfo = ObjectDetectionYOLO;
		};
		F06EF2A22773A426000F7894 /* PBXContainerItemProxy */ = {
			isa = PBXContainerItemProxy;
			containerPortal = F06EF2792773A424000F7894 /* Project object */;
			proxyType = 1;
			remoteGlobalIDString = F06EF2802773A424000F7894;
			remoteInfo = ObjectDetectionYOLO;
		};
/* End PBXContainerItemProxy section */

/* Begin PBXFileReference section */
		F06EF2812773A424000F7894 /* ObjectDetectionYOLO.app */ = {isa = PBXFileReference; explicitFileType = wrapper.application; includeInIndex = 0; path = ObjectDetectionYOLO.app; sourceTree = BUILT_PRODUCTS_DIR; };
		F06EF2842773A424000F7894 /* AppDelegate.swift */ = {isa = PBXFileReference; lastKnownFileType = sourcecode.swift; path = AppDelegate.swift; sourceTree = "<group>"; };
		F06EF2862773A424000F7894 /* SceneDelegate.swift */ = {isa = PBXFileReference; lastKnownFileType = sourcecode.swift; path = SceneDelegate.swift; sourceTree = "<group>"; };
		F06EF2882773A424000F7894 /* ViewController.swift */ = {isa = PBXFileReference; lastKnownFileType = sourcecode.swift; path = ViewController.swift; sourceTree = "<group>"; };
		F06EF28B2773A424000F7894 /* Base */ = {isa = PBXFileReference; lastKnownFileType = file.storyboard; name = Base; path = Base.lproj/Main.storyboard; sourceTree = "<group>"; };
		F06EF28D2773A426000F7894 /* Assets.xcassets */ = {isa = PBXFileReference; lastKnownFileType = folder.assetcatalog; path = Assets.xcassets; sourceTree = "<group>"; };
		F06EF2902773A426000F7894 /* Base */ = {isa = PBXFileReference; lastKnownFileType = file.storyboard; name = Base; path = Base.lproj/LaunchScreen.storyboard; sourceTree = "<group>"; };
		F06EF2922773A426000F7894 /* Info.plist */ = {isa = PBXFileReference; lastKnownFileType = text.plist.xml; path = Info.plist; sourceTree = "<group>"; };
		F06EF2972773A426000F7894 /* ObjectDetectionYOLOTests.xctest */ = {isa = PBXFileReference; explicitFileType = wrapper.cfbundle; includeInIndex = 0; path = ObjectDetectionYOLOTests.xctest; sourceTree = BUILT_PRODUCTS_DIR; };
		F06EF29B2773A426000F7894 /* ObjectDetectionYOLOTests.swift */ = {isa = PBXFileReference; lastKnownFileType = sourcecode.swift; path = ObjectDetectionYOLOTests.swift; sourceTree = "<group>"; };
		F06EF2A12773A426000F7894 /* ObjectDetectionYOLOUITests.xctest */ = {isa = PBXFileReference; explicitFileType = wrapper.cfbundle; includeInIndex = 0; path = ObjectDetectionYOLOUITests.xctest; sourceTree = BUILT_PRODUCTS_DIR; };
		F06EF2A52773A426000F7894 /* ObjectDetectionYOLOUITests.swift */ = {isa = PBXFileReference; lastKnownFileType = sourcecode.swift; path = ObjectDetectionYOLOUITests.swift; sourceTree = "<group>"; };
		F06EF2A72773A426000F7894 /* ObjectDetectionYOLOUITestsLaunchTests.swift */ = {isa = PBXFileReference; lastKnownFileType = sourcecode.swift; path = ObjectDetectionYOLOUITestsLaunchTests.swift; sourceTree = "<group>"; };
		F06EF2B42773A459000F7894 /* YOLOv3.mlmodel */ = {isa = PBXFileReference; lastKnownFileType = file.mlmodel; path = YOLOv3.mlmodel; sourceTree = "<group>"; };
		F06EF2B82773A760000F7894 /* DrawingBoundingBoxView.swift */ = {isa = PBXFileReference; lastKnownFileType = sourcecode.swift; path = DrawingBoundingBoxView.swift; sourceTree = "<group>"; };
		F06EF2BA2773AB68000F7894 /* VideoCapture.swift */ = {isa = PBXFileReference; lastKnownFileType = sourcecode.swift; path = VideoCapture.swift; sourceTree = "<group>"; };
		F06EF2C02774F60F000F7894 /* SelectTableView.swift */ = {isa = PBXFileReference; lastKnownFileType = sourcecode.swift; path = SelectTableView.swift; sourceTree = "<group>"; };
		F07FAEDB286602060079D0D1 /* StringUtils.swift */ = {isa = PBXFileReference; fileEncoding = 4; lastKnownFileType = sourcecode.swift; path = StringUtils.swift; sourceTree = "<group>"; };
/* End PBXFileReference section */

/* Begin PBXFrameworksBuildPhase section */
		F06EF27E2773A424000F7894 /* Frameworks */ = {
			isa = PBXFrameworksBuildPhase;
			buildActionMask = 2147483647;
			files = (
			);
			runOnlyForDeploymentPostprocessing = 0;
		};
		F06EF2942773A426000F7894 /* Frameworks */ = {
			isa = PBXFrameworksBuildPhase;
			buildActionMask = 2147483647;
			files = (
			);
			runOnlyForDeploymentPostprocessing = 0;
		};
		F06EF29E2773A426000F7894 /* Frameworks */ = {
			isa = PBXFrameworksBuildPhase;
			buildActionMask = 2147483647;
			files = (
			);
			runOnlyForDeploymentPostprocessing = 0;
		};
/* End PBXFrameworksBuildPhase section */

/* Begin PBXGroup section */
		F06EF2782773A424000F7894 = {
			isa = PBXGroup;
			children = (
				F06EF2832773A424000F7894 /* ObjectDetectionYOLO */,
				F06EF29A2773A426000F7894 /* ObjectDetectionYOLOTests */,
				F06EF2A42773A426000F7894 /* ObjectDetectionYOLOUITests */,
				F06EF2822773A424000F7894 /* Products */,
			);
			sourceTree = "<group>";
		};
		F06EF2822773A424000F7894 /* Products */ = {
			isa = PBXGroup;
			children = (
				F06EF2812773A424000F7894 /* ObjectDetectionYOLO.app */,
				F06EF2972773A426000F7894 /* ObjectDetectionYOLOTests.xctest */,
				F06EF2A12773A426000F7894 /* ObjectDetectionYOLOUITests.xctest */,
			);
			name = Products;
			sourceTree = "<group>";
		};
		F06EF2832773A424000F7894 /* ObjectDetectionYOLO */ = {
			isa = PBXGroup;
			children = (
				F06EF2842773A424000F7894 /* AppDelegate.swift */,
				F06EF2862773A424000F7894 /* SceneDelegate.swift */,
				F06EF2B42773A459000F7894 /* YOLOv3.mlmodel */,
				F06EF2882773A424000F7894 /* ViewController.swift */,
				F06EF2BA2773AB68000F7894 /* VideoCapture.swift */,
				F06EF2B82773A760000F7894 /* DrawingBoundingBoxView.swift */,
				F06EF28A2773A424000F7894 /* Main.storyboard */,
				F06EF2C02774F60F000F7894 /* SelectTableView.swift */,
				F07FAEDB286602060079D0D1 /* StringUtils.swift */,
				F06EF28D2773A426000F7894 /* Assets.xcassets */,
				F06EF28F2773A426000F7894 /* LaunchScreen.storyboard */,
				F06EF2922773A426000F7894 /* Info.plist */,
			);
			path = ObjectDetectionYOLO;
			sourceTree = "<group>";
		};
		F06EF29A2773A426000F7894 /* ObjectDetectionYOLOTests */ = {
			isa = PBXGroup;
			children = (
				F06EF29B2773A426000F7894 /* ObjectDetectionYOLOTests.swift */,
			);
			path = ObjectDetectionYOLOTests;
			sourceTree = "<group>";
		};
		F06EF2A42773A426000F7894 /* ObjectDetectionYOLOUITests */ = {
			isa = PBXGroup;
			children = (
				F06EF2A52773A426000F7894 /* ObjectDetectionYOLOUITests.swift */,
				F06EF2A72773A426000F7894 /* ObjectDetectionYOLOUITestsLaunchTests.swift */,
			);
			path = ObjectDetectionYOLOUITests;
			sourceTree = "<group>";
		};
/* End PBXGroup section */

/* Begin PBXNativeTarget section */
		F06EF2802773A424000F7894 /* ObjectDetectionYOLO */ = {
			isa = PBXNativeTarget;
			buildConfigurationList = F06EF2AB2773A426000F7894 /* Build configuration list for PBXNativeTarget "ObjectDetectionYOLO" */;
			buildPhases = (
				F06EF27D2773A424000F7894 /* Sources */,
				F06EF27E2773A424000F7894 /* Frameworks */,
				F06EF27F2773A424000F7894 /* Resources */,
			);
			buildRules = (
			);
			dependencies = (
			);
			name = ObjectDetectionYOLO;
			productName = ObjectDetectionYOLO;
			productReference = F06EF2812773A424000F7894 /* ObjectDetectionYOLO.app */;
			productType = "com.apple.product-type.application";
		};
		F06EF2962773A426000F7894 /* ObjectDetectionYOLOTests */ = {
			isa = PBXNativeTarget;
			buildConfigurationList = F06EF2AE2773A426000F7894 /* Build configuration list for PBXNativeTarget "ObjectDetectionYOLOTests" */;
			buildPhases = (
				F06EF2932773A426000F7894 /* Sources */,
				F06EF2942773A426000F7894 /* Frameworks */,
				F06EF2952773A426000F7894 /* Resources */,
			);
			buildRules = (
			);
			dependencies = (
				F06EF2992773A426000F7894 /* PBXTargetDependency */,
			);
			name = ObjectDetectionYOLOTests;
			productName = ObjectDetectionYOLOTests;
			productReference = F06EF2972773A426000F7894 /* ObjectDetectionYOLOTests.xctest */;
			productType = "com.apple.product-type.bundle.unit-test";
		};
		F06EF2A02773A426000F7894 /* ObjectDetectionYOLOUITests */ = {
			isa = PBXNativeTarget;
			buildConfigurationList = F06EF2B12773A426000F7894 /* Build configuration list for PBXNativeTarget "ObjectDetectionYOLOUITests" */;
			buildPhases = (
				F06EF29D2773A426000F7894 /* Sources */,
				F06EF29E2773A426000F7894 /* Frameworks */,
				F06EF29F2773A426000F7894 /* Resources */,
			);
			buildRules = (
			);
			dependencies = (
				F06EF2A32773A426000F7894 /* PBXTargetDependency */,
			);
			name = ObjectDetectionYOLOUITests;
			productName = ObjectDetectionYOLOUITests;
			productReference = F06EF2A12773A426000F7894 /* ObjectDetectionYOLOUITests.xctest */;
			productType = "com.apple.product-type.bundle.ui-testing";
		};
/* End PBXNativeTarget section */

/* Begin PBXProject section */
		F06EF2792773A424000F7894 /* Project object */ = {
			isa = PBXProject;
			attributes = {
				BuildIndependentTargetsInParallel = 1;
				LastSwiftUpdateCheck = 1320;
				LastUpgradeCheck = 1320;
				TargetAttributes = {
					F06EF2802773A424000F7894 = {
						CreatedOnToolsVersion = 13.2.1;
					};
					F06EF2962773A426000F7894 = {
						CreatedOnToolsVersion = 13.2.1;
						TestTargetID = F06EF2802773A424000F7894;
					};
					F06EF2A02773A426000F7894 = {
						CreatedOnToolsVersion = 13.2.1;
						TestTargetID = F06EF2802773A424000F7894;
					};
				};
			};
			buildConfigurationList = F06EF27C2773A424000F7894 /* Build configuration list for PBXProject "ObjectDetectionYOLO" */;
			compatibilityVersion = "Xcode 13.0";
			developmentRegion = en;
			hasScannedForEncodings = 0;
			knownRegions = (
				en,
				Base,
			);
			mainGroup = F06EF2782773A424000F7894;
			productRefGroup = F06EF2822773A424000F7894 /* Products */;
			projectDirPath = "";
			projectRoot = "";
			targets = (
				F06EF2802773A424000F7894 /* ObjectDetectionYOLO */,
				F06EF2962773A426000F7894 /* ObjectDetectionYOLOTests */,
				F06EF2A02773A426000F7894 /* ObjectDetectionYOLOUITests */,
			);
		};
/* End PBXProject section */

/* Begin PBXResourcesBuildPhase section */
		F06EF27F2773A424000F7894 /* Resources */ = {
			isa = PBXResourcesBuildPhase;
			buildActionMask = 2147483647;
			files = (
				F06EF2912773A426000F7894 /* LaunchScreen.storyboard in Resources */,
				F06EF28E2773A426000F7894 /* Assets.xcassets in Resources */,
				F06EF28C2773A424000F7894 /* Main.storyboard in Resources */,
			);
			runOnlyForDeploymentPostprocessing = 0;
		};
		F06EF2952773A426000F7894 /* Resources */ = {
			isa = PBXResourcesBuildPhase;
			buildActionMask = 2147483647;
			files = (
			);
			runOnlyForDeploymentPostprocessing = 0;
		};
		F06EF29F2773A426000F7894 /* Resources */ = {
			isa = PBXResourcesBuildPhase;
			buildActionMask = 2147483647;
			files = (
			);
			runOnlyForDeploymentPostprocessing = 0;
		};
/* End PBXResourcesBuildPhase section */

/* Begin PBXSourcesBuildPhase section */
		F06EF27D2773A424000F7894 /* Sources */ = {
			isa = PBXSourcesBuildPhase;
			buildActionMask = 2147483647;
			files = (
				F06EF2892773A424000F7894 /* ViewController.swift in Sources */,
				F06EF2C12774F60F000F7894 /* SelectTableView.swift in Sources */,
				F06EF2852773A424000F7894 /* AppDelegate.swift in Sources */,
				F06EF2B52773A459000F7894 /* YOLOv3.mlmodel in Sources */,
				F07FAEDC286602060079D0D1 /* StringUtils.swift in Sources */,
				F06EF2B92773A760000F7894 /* DrawingBoundingBoxView.swift in Sources */,
				F06EF2BB2773AB68000F7894 /* VideoCapture.swift in Sources */,
				F06EF2872773A424000F7894 /* SceneDelegate.swift in Sources */,
			);
			runOnlyForDeploymentPostprocessing = 0;
		};
		F06EF2932773A426000F7894 /* Sources */ = {
			isa = PBXSourcesBuildPhase;
			buildActionMask = 2147483647;
			files = (
				F06EF29C2773A426000F7894 /* ObjectDetectionYOLOTests.swift in Sources */,
			);
			runOnlyForDeploymentPostprocessing = 0;
		};
		F06EF29D2773A426000F7894 /* Sources */ = {
			isa = PBXSourcesBuildPhase;
			buildActionMask = 2147483647;
			files = (
				F06EF2A82773A426000F7894 /* ObjectDetectionYOLOUITestsLaunchTests.swift in Sources */,
				F06EF2A62773A426000F7894 /* ObjectDetectionYOLOUITests.swift in Sources */,
			);
			runOnlyForDeploymentPostprocessing = 0;
		};
/* End PBXSourcesBuildPhase section */

/* Begin PBXTargetDependency section */
		F06EF2992773A426000F7894 /* PBXTargetDependency */ = {
			isa = PBXTargetDependency;
			target = F06EF2802773A424000F7894 /* ObjectDetectionYOLO */;
			targetProxy = F06EF2982773A426000F7894 /* PBXContainerItemProxy */;
		};
		F06EF2A32773A426000F7894 /* PBXTargetDependency */ = {
			isa = PBXTargetDependency;
			target = F06EF2802773A424000F7894 /* ObjectDetectionYOLO */;
			targetProxy = F06EF2A22773A426000F7894 /* PBXContainerItemProxy */;
		};
/* End PBXTargetDependency section */

/* Begin PBXVariantGroup section */
		F06EF28A2773A424000F7894 /* Main.storyboard */ = {
			isa = PBXVariantGroup;
			children = (
				F06EF28B2773A424000F7894 /* Base */,
			);
			name = Main.storyboard;
			sourceTree = "<group>";
		};
		F06EF28F2773A426000F7894 /* LaunchScreen.storyboard */ = {
			isa = PBXVariantGroup;
			children = (
				F06EF2902773A426000F7894 /* Base */,
			);
			name = LaunchScreen.storyboard;
			sourceTree = "<group>";
		};
/* End PBXVariantGroup section */

/* Begin XCBuildConfiguration section */
		F06EF2A92773A426000F7894 /* Debug */ = {
			isa = XCBuildConfiguration;
			buildSettings = {
				ALWAYS_SEARCH_USER_PATHS = NO;
				CLANG_ANALYZER_NONNULL = YES;
				CLANG_ANALYZER_NUMBER_OBJECT_CONVERSION = YES_AGGRESSIVE;
				CLANG_CXX_LANGUAGE_STANDARD = "gnu++17";
				CLANG_CXX_LIBRARY = "libc++";
				CLANG_ENABLE_MODULES = YES;
				CLANG_ENABLE_OBJC_ARC = YES;
				CLANG_ENABLE_OBJC_WEAK = YES;
				CLANG_WARN_BLOCK_CAPTURE_AUTORELEASING = YES;
				CLANG_WARN_BOOL_CONVERSION = YES;
				CLANG_WARN_COMMA = YES;
				CLANG_WARN_CONSTANT_CONVERSION = YES;
				CLANG_WARN_DEPRECATED_OBJC_IMPLEMENTATIONS = YES;
				CLANG_WARN_DIRECT_OBJC_ISA_USAGE = YES_ERROR;
				CLANG_WARN_DOCUMENTATION_COMMENTS = YES;
				CLANG_WARN_EMPTY_BODY = YES;
				CLANG_WARN_ENUM_CONVERSION = YES;
				CLANG_WARN_INFINITE_RECURSION = YES;
				CLANG_WARN_INT_CONVERSION = YES;
				CLANG_WARN_NON_LITERAL_NULL_CONVERSION = YES;
				CLANG_WARN_OBJC_IMPLICIT_RETAIN_SELF = YES;
				CLANG_WARN_OBJC_LITERAL_CONVERSION = YES;
				CLANG_WARN_OBJC_ROOT_CLASS = YES_ERROR;
				CLANG_WARN_QUOTED_INCLUDE_IN_FRAMEWORK_HEADER = YES;
				CLANG_WARN_RANGE_LOOP_ANALYSIS = YES;
				CLANG_WARN_STRICT_PROTOTYPES = YES;
				CLANG_WARN_SUSPICIOUS_MOVE = YES;
				CLANG_WARN_UNGUARDED_AVAILABILITY = YES_AGGRESSIVE;
				CLANG_WARN_UNREACHABLE_CODE = YES;
				CLANG_WARN__DUPLICATE_METHOD_MATCH = YES;
				COPY_PHASE_STRIP = NO;
				DEBUG_INFORMATION_FORMAT = dwarf;
				ENABLE_STRICT_OBJC_MSGSEND = YES;
				ENABLE_TESTABILITY = YES;
				GCC_C_LANGUAGE_STANDARD = gnu11;
				GCC_DYNAMIC_NO_PIC = NO;
				GCC_NO_COMMON_BLOCKS = YES;
				GCC_OPTIMIZATION_LEVEL = 0;
				GCC_PREPROCESSOR_DEFINITIONS = (
					"DEBUG=1",
					"$(inherited)",
				);
				GCC_WARN_64_TO_32_BIT_CONVERSION = YES;
				GCC_WARN_ABOUT_RETURN_TYPE = YES_ERROR;
				GCC_WARN_UNDECLARED_SELECTOR = YES;
				GCC_WARN_UNINITIALIZED_AUTOS = YES_AGGRESSIVE;
				GCC_WARN_UNUSED_FUNCTION = YES;
				GCC_WARN_UNUSED_VARIABLE = YES;
				IPHONEOS_DEPLOYMENT_TARGET = 15.2;
				MTL_ENABLE_DEBUG_INFO = INCLUDE_SOURCE;
				MTL_FAST_MATH = YES;
				ONLY_ACTIVE_ARCH = YES;
				SDKROOT = iphoneos;
				SWIFT_ACTIVE_COMPILATION_CONDITIONS = DEBUG;
				SWIFT_OPTIMIZATION_LEVEL = "-Onone";
			};
			name = Debug;
		};
		F06EF2AA2773A426000F7894 /* Release */ = {
			isa = XCBuildConfiguration;
			buildSettings = {
				ALWAYS_SEARCH_USER_PATHS = NO;
				CLANG_ANALYZER_NONNULL = YES;
				CLANG_ANALYZER_NUMBER_OBJECT_CONVERSION = YES_AGGRESSIVE;
				CLANG_CXX_LANGUAGE_STANDARD = "gnu++17";
				CLANG_CXX_LIBRARY = "libc++";
				CLANG_ENABLE_MODULES = YES;
				CLANG_ENABLE_OBJC_ARC = YES;
				CLANG_ENABLE_OBJC_WEAK = YES;
				CLANG_WARN_BLOCK_CAPTURE_AUTORELEASING = YES;
				CLANG_WARN_BOOL_CONVERSION = YES;
				CLANG_WARN_COMMA = YES;
				CLANG_WARN_CONSTANT_CONVERSION = YES;
				CLANG_WARN_DEPRECATED_OBJC_IMPLEMENTATIONS = YES;
				CLANG_WARN_DIRECT_OBJC_ISA_USAGE = YES_ERROR;
				CLANG_WARN_DOCUMENTATION_COMMENTS = YES;
				CLANG_WARN_EMPTY_BODY = YES;
				CLANG_WARN_ENUM_CONVERSION = YES;
				CLANG_WARN_INFINITE_RECURSION = YES;
				CLANG_WARN_INT_CONVERSION = YES;
				CLANG_WARN_NON_LITERAL_NULL_CONVERSION = YES;
				CLANG_WARN_OBJC_IMPLICIT_RETAIN_SELF = YES;
				CLANG_WARN_OBJC_LITERAL_CONVERSION = YES;
				CLANG_WARN_OBJC_ROOT_CLASS = YES_ERROR;
				CLANG_WARN_QUOTED_INCLUDE_IN_FRAMEWORK_HEADER = YES;
				CLANG_WARN_RANGE_LOOP_ANALYSIS = YES;
				CLANG_WARN_STRICT_PROTOTYPES = YES;
				CLANG_WARN_SUSPICIOUS_MOVE = YES;
				CLANG_WARN_UNGUARDED_AVAILABILITY = YES_AGGRESSIVE;
				CLANG_WARN_UNREACHABLE_CODE = YES;
				CLANG_WARN__DUPLICATE_METHOD_MATCH = YES;
				COPY_PHASE_STRIP = NO;
				DEBUG_INFORMATION_FORMAT = "dwarf-with-dsym";
				ENABLE_NS_ASSERTIONS = NO;
				ENABLE_STRICT_OBJC_MSGSEND = YES;
				GCC_C_LANGUAGE_STANDARD = gnu11;
				GCC_NO_COMMON_BLOCKS = YES;
				GCC_WARN_64_TO_32_BIT_CONVERSION = YES;
				GCC_WARN_ABOUT_RETURN_TYPE = YES_ERROR;
				GCC_WARN_UNDECLARED_SELECTOR = YES;
				GCC_WARN_UNINITIALIZED_AUTOS = YES_AGGRESSIVE;
				GCC_WARN_UNUSED_FUNCTION = YES;
				GCC_WARN_UNUSED_VARIABLE = YES;
				IPHONEOS_DEPLOYMENT_TARGET = 15.2;
				MTL_ENABLE_DEBUG_INFO = NO;
				MTL_FAST_MATH = YES;
				SDKROOT = iphoneos;
				SWIFT_COMPILATION_MODE = wholemodule;
				SWIFT_OPTIMIZATION_LEVEL = "-O";
				VALIDATE_PRODUCT = YES;
			};
			name = Release;
		};
		F06EF2AC2773A426000F7894 /* Debug */ = {
			isa = XCBuildConfiguration;
			buildSettings = {
				ASSETCATALOG_COMPILER_APPICON_NAME = AppIcon;
				ASSETCATALOG_COMPILER_GLOBAL_ACCENT_COLOR_NAME = AccentColor;
				CODE_SIGN_STYLE = Automatic;
				CURRENT_PROJECT_VERSION = 1;
				DEVELOPMENT_TEAM = J2J9RRQ9XL;
				GENERATE_INFOPLIST_FILE = YES;
				INFOPLIST_FILE = ObjectDetectionYOLO/Info.plist;
				INFOPLIST_KEY_UIApplicationSupportsIndirectInputEvents = YES;
				INFOPLIST_KEY_UILaunchStoryboardName = LaunchScreen;
				INFOPLIST_KEY_UIMainStoryboardFile = Main;
				INFOPLIST_KEY_UISupportedInterfaceOrientations_iPad = "UIInterfaceOrientationPortrait UIInterfaceOrientationPortraitUpsideDown UIInterfaceOrientationLandscapeLeft UIInterfaceOrientationLandscapeRight";
				INFOPLIST_KEY_UISupportedInterfaceOrientations_iPhone = "UIInterfaceOrientationPortrait UIInterfaceOrientationLandscapeLeft UIInterfaceOrientationLandscapeRight";
				LD_RUNPATH_SEARCH_PATHS = (
					"$(inherited)",
					"@executable_path/Frameworks",
				);
				MARKETING_VERSION = 1.0;
				PRODUCT_BUNDLE_IDENTIFIER = com.andixu.ObjectDetectionYOLO;
				PRODUCT_NAME = "$(TARGET_NAME)";
				SWIFT_EMIT_LOC_STRINGS = YES;
				SWIFT_VERSION = 5.0;
				TARGETED_DEVICE_FAMILY = "1,2";
			};
			name = Debug;
		};
		F06EF2AD2773A426000F7894 /* Release */ = {
			isa = XCBuildConfiguration;
			buildSettings = {
				ASSETCATALOG_COMPILER_APPICON_NAME = AppIcon;
				ASSETCATALOG_COMPILER_GLOBAL_ACCENT_COLOR_NAME = AccentColor;
				CODE_SIGN_STYLE = Automatic;
				CURRENT_PROJECT_VERSION = 1;
				DEVELOPMENT_TEAM = J2J9RRQ9XL;
				GENERATE_INFOPLIST_FILE = YES;
				INFOPLIST_FILE = ObjectDetectionYOLO/Info.plist;
				INFOPLIST_KEY_UIApplicationSupportsIndirectInputEvents = YES;
				INFOPLIST_KEY_UILaunchStoryboardName = LaunchScreen;
				INFOPLIST_KEY_UIMainStoryboardFile = Main;
				INFOPLIST_KEY_UISupportedInterfaceOrientations_iPad = "UIInterfaceOrientationPortrait UIInterfaceOrientationPortraitUpsideDown UIInterfaceOrientationLandscapeLeft UIInterfaceOrientationLandscapeRight";
				INFOPLIST_KEY_UISupportedInterfaceOrientations_iPhone = "UIInterfaceOrientationPortrait UIInterfaceOrientationLandscapeLeft UIInterfaceOrientationLandscapeRight";
				LD_RUNPATH_SEARCH_PATHS = (
					"$(inherited)",
					"@executable_path/Frameworks",
				);
				MARKETING_VERSION = 1.0;
				PRODUCT_BUNDLE_IDENTIFIER = com.andixu.ObjectDetectionYOLO;
				PRODUCT_NAME = "$(TARGET_NAME)";
				SWIFT_EMIT_LOC_STRINGS = YES;
				SWIFT_VERSION = 5.0;
				TARGETED_DEVICE_FAMILY = "1,2";
			};
			name = Release;
		};
		F06EF2AF2773A426000F7894 /* Debug */ = {
			isa = XCBuildConfiguration;
			buildSettings = {
				ALWAYS_EMBED_SWIFT_STANDARD_LIBRARIES = YES;
				BUNDLE_LOADER = "$(TEST_HOST)";
				CODE_SIGN_STYLE = Automatic;
				CURRENT_PROJECT_VERSION = 1;
				DEVELOPMENT_TEAM = J2J9RRQ9XL;
				GENERATE_INFOPLIST_FILE = YES;
				IPHONEOS_DEPLOYMENT_TARGET = 15.2;
				MARKETING_VERSION = 1.0;
				PRODUCT_BUNDLE_IDENTIFIER = com.andixu.ObjectDetectionYOLOTests;
				PRODUCT_NAME = "$(TARGET_NAME)";
				SWIFT_EMIT_LOC_STRINGS = NO;
				SWIFT_VERSION = 5.0;
				TARGETED_DEVICE_FAMILY = "1,2";
				TEST_HOST = "$(BUILT_PRODUCTS_DIR)/ObjectDetectionYOLO.app/ObjectDetectionYOLO";
			};
			name = Debug;
		};
		F06EF2B02773A426000F7894 /* Release */ = {
			isa = XCBuildConfiguration;
			buildSettings = {
				ALWAYS_EMBED_SWIFT_STANDARD_LIBRARIES = YES;
				BUNDLE_LOADER = "$(TEST_HOST)";
				CODE_SIGN_STYLE = Automatic;
				CURRENT_PROJECT_VERSION = 1;
				DEVELOPMENT_TEAM = J2J9RRQ9XL;
				GENERATE_INFOPLIST_FILE = YES;
				IPHONEOS_DEPLOYMENT_TARGET = 15.2;
				MARKETING_VERSION = 1.0;
				PRODUCT_BUNDLE_IDENTIFIER = com.andixu.ObjectDetectionYOLOTests;
				PRODUCT_NAME = "$(TARGET_NAME)";
				SWIFT_EMIT_LOC_STRINGS = NO;
				SWIFT_VERSION = 5.0;
				TARGETED_DEVICE_FAMILY = "1,2";
				TEST_HOST = "$(BUILT_PRODUCTS_DIR)/ObjectDetectionYOLO.app/ObjectDetectionYOLO";
			};
			name = Release;
		};
		F06EF2B22773A426000F7894 /* Debug */ = {
			isa = XCBuildConfiguration;
			buildSettings = {
				ALWAYS_EMBED_SWIFT_STANDARD_LIBRARIES = YES;
				CODE_SIGN_STYLE = Automatic;
				CURRENT_PROJECT_VERSION = 1;
				DEVELOPMENT_TEAM = J2J9RRQ9XL;
				GENERATE_INFOPLIST_FILE = YES;
				MARKETING_VERSION = 1.0;
				PRODUCT_BUNDLE_IDENTIFIER = com.andixu.ObjectDetectionYOLOUITests;
				PRODUCT_NAME = "$(TARGET_NAME)";
				SWIFT_EMIT_LOC_STRINGS = NO;
				SWIFT_VERSION = 5.0;
				TARGETED_DEVICE_FAMILY = "1,2";
				TEST_TARGET_NAME = ObjectDetectionYOLO;
			};
			name = Debug;
		};
		F06EF2B32773A426000F7894 /* Release */ = {
			isa = XCBuildConfiguration;
			buildSettings = {
				ALWAYS_EMBED_SWIFT_STANDARD_LIBRARIES = YES;
				CODE_SIGN_STYLE = Automatic;
				CURRENT_PROJECT_VERSION = 1;
				DEVELOPMENT_TEAM = J2J9RRQ9XL;
				GENERATE_INFOPLIST_FILE = YES;
				MARKETING_VERSION = 1.0;
				PRODUCT_BUNDLE_IDENTIFIER = com.andixu.ObjectDetectionYOLOUITests;
				PRODUCT_NAME = "$(TARGET_NAME)";
				SWIFT_EMIT_LOC_STRINGS = NO;
				SWIFT_VERSION = 5.0;
				TARGETED_DEVICE_FAMILY = "1,2";
				TEST_TARGET_NAME = ObjectDetectionYOLO;
			};
			name = Release;
		};
/* End XCBuildConfiguration section */

/* Begin XCConfigurationList section */
		F06EF27C2773A424000F7894 /* Build configuration list for PBXProject "ObjectDetectionYOLO" */ = {
			isa = XCConfigurationList;
			buildConfigurations = (
				F06EF2A92773A426000F7894 /* Debug */,
				F06EF2AA2773A426000F7894 /* Release */,
			);
			defaultConfigurationIsVisible = 0;
			defaultConfigurationName = Release;
		};
		F06EF2AB2773A426000F7894 /* Build configuration list for PBXNativeTarget "ObjectDetectionYOLO" */ = {
			isa = XCConfigurationList;
			buildConfigurations = (
				F06EF2AC2773A426000F7894 /* Debug */,
				F06EF2AD2773A426000F7894 /* Release */,
			);
			defaultConfigurationIsVisible = 0;
			defaultConfigurationName = Release;
		};
		F06EF2AE2773A426000F7894 /* Build configuration list for PBXNativeTarget "ObjectDetectionYOLOTests" */ = {
			isa = XCConfigurationList;
			buildConfigurations = (
				F06EF2AF2773A426000F7894 /* Debug */,
				F06EF2B02773A426000F7894 /* Release */,
			);
			defaultConfigurationIsVisible = 0;
			defaultConfigurationName = Release;
		};
		F06EF2B12773A426000F7894 /* Build configuration list for PBXNativeTarget "ObjectDetectionYOLOUITests" */ = {
			isa = XCConfigurationList;
			buildConfigurations = (
				F06EF2B22773A426000F7894 /* Debug */,
				F06EF2B32773A426000F7894 /* Release */,
			);
			defaultConfigurationIsVisible = 0;
			defaultConfigurationName = Release;
		};
/* End XCConfigurationList section */
	};
	rootObject = F06EF2792773A424000F7894 /* Project object */;
}
